// !$*UTF8*$!
{
	archiveVersion = 1;
	classes = {
	};
	objectVersion = 51;
	objects = {

/* Begin PBXBuildFile section */
		6603402825FCE2FB00B98E40 /* AppDelegate.swift in Sources */ = {isa = PBXBuildFile; fileRef = 6603402725FCE2FB00B98E40 /* AppDelegate.swift */; };
		6603402A25FCE2FB00B98E40 /* SceneDelegate.swift in Sources */ = {isa = PBXBuildFile; fileRef = 6603402925FCE2FB00B98E40 /* SceneDelegate.swift */; };
		6603402F25FCE2FB00B98E40 /* Main.storyboard in Resources */ = {isa = PBXBuildFile; fileRef = 6603402D25FCE2FB00B98E40 /* Main.storyboard */; };
		6603403125FCE2FD00B98E40 /* Assets.xcassets in Resources */ = {isa = PBXBuildFile; fileRef = 6603403025FCE2FD00B98E40 /* Assets.xcassets */; };
		6603403425FCE2FD00B98E40 /* LaunchScreen.storyboard in Resources */ = {isa = PBXBuildFile; fileRef = 6603403225FCE2FD00B98E40 /* LaunchScreen.storyboard */; };
		6603403F25FCE2FE00B98E40 /* MoviePostersTests.swift in Sources */ = {isa = PBXBuildFile; fileRef = 6603403E25FCE2FE00B98E40 /* MoviePostersTests.swift */; };
		6603404A25FCE2FE00B98E40 /* MoviePostersUITests.swift in Sources */ = {isa = PBXBuildFile; fileRef = 6603404925FCE2FE00B98E40 /* MoviePostersUITests.swift */; };
		6603408A25FCE88600B98E40 /* MPMoviePostersViewModel.swift in Sources */ = {isa = PBXBuildFile; fileRef = 6603408925FCE88600B98E40 /* MPMoviePostersViewModel.swift */; };
		6603408F25FCEACB00B98E40 /* MPMoviePostersCell.swift in Sources */ = {isa = PBXBuildFile; fileRef = 6603408E25FCEACB00B98E40 /* MPMoviePostersCell.swift */; };
		660340A325FCEEAC00B98E40 /* MPMoviePostersVC.swift in Sources */ = {isa = PBXBuildFile; fileRef = 660340A225FCEEAC00B98E40 /* MPMoviePostersVC.swift */; };
		660340AC25FCFF1000B98E40 /* MPNetworkConstants.swift in Sources */ = {isa = PBXBuildFile; fileRef = 660340AB25FCFF1000B98E40 /* MPNetworkConstants.swift */; };
		660340B425FD084600B98E40 /* WebServices.swift in Sources */ = {isa = PBXBuildFile; fileRef = 660340B325FD084600B98E40 /* WebServices.swift */; };
		660340BA25FD093700B98E40 /* Bindable.swift in Sources */ = {isa = PBXBuildFile; fileRef = 660340B925FD093700B98E40 /* Bindable.swift */; };
		660340C225FD09B100B98E40 /* NetworkEnums.swift in Sources */ = {isa = PBXBuildFile; fileRef = 660340C125FD09B100B98E40 /* NetworkEnums.swift */; };
		660340C725FD0A5800B98E40 /* Movie.swift in Sources */ = {isa = PBXBuildFile; fileRef = 660340C625FD0A5800B98E40 /* Movie.swift */; };
		660340CD25FD0C0B00B98E40 /* NowPlayingAPI.swift in Sources */ = {isa = PBXBuildFile; fileRef = 660340CC25FD0C0B00B98E40 /* NowPlayingAPI.swift */; };
		660340D325FD0C5A00B98E40 /* Service.swift in Sources */ = {isa = PBXBuildFile; fileRef = 660340D225FD0C5A00B98E40 /* Service.swift */; };
		660340DE25FD0F1C00B98E40 /* URLSessionDelegation.swift in Sources */ = {isa = PBXBuildFile; fileRef = 660340DD25FD0F1C00B98E40 /* URLSessionDelegation.swift */; };
		660340F625FD10B800B98E40 /* NowPlayingResponse.swift in Sources */ = {isa = PBXBuildFile; fileRef = 660340F525FD10B800B98E40 /* NowPlayingResponse.swift */; };
		6603410025FD11D700B98E40 /* RequiredExtenssions.swift in Sources */ = {isa = PBXBuildFile; fileRef = 660340FF25FD11D700B98E40 /* RequiredExtenssions.swift */; };
		6603411925FE11D200B98E40 /* MPMovieDetailVC.swift in Sources */ = {isa = PBXBuildFile; fileRef = 6603411825FE11D200B98E40 /* MPMovieDetailVC.swift */; };
		6603411E25FE11FD00B98E40 /* MPMovieDetailViewModel.swift in Sources */ = {isa = PBXBuildFile; fileRef = 6603411D25FE11FD00B98E40 /* MPMovieDetailViewModel.swift */; };
		6B79D5D1FB3E3A5716A9341A /* Pods_MoviePosters.framework in Frameworks */ = {isa = PBXBuildFile; fileRef = 65044D379E8394F8433834BE /* Pods_MoviePosters.framework */; };
/* End PBXBuildFile section */

/* Begin PBXContainerItemProxy section */
		6603403B25FCE2FE00B98E40 /* PBXContainerItemProxy */ = {
			isa = PBXContainerItemProxy;
			containerPortal = 6603401C25FCE2FB00B98E40 /* Project object */;
			proxyType = 1;
			remoteGlobalIDString = 6603402325FCE2FB00B98E40;
			remoteInfo = MoviePosters;
		};
		6603404625FCE2FE00B98E40 /* PBXContainerItemProxy */ = {
			isa = PBXContainerItemProxy;
			containerPortal = 6603401C25FCE2FB00B98E40 /* Project object */;
			proxyType = 1;
			remoteGlobalIDString = 6603402325FCE2FB00B98E40;
			remoteInfo = MoviePosters;
		};
/* End PBXContainerItemProxy section */

/* Begin PBXFileReference section */
		65044D379E8394F8433834BE /* Pods_MoviePosters.framework */ = {isa = PBXFileReference; explicitFileType = wrapper.framework; includeInIndex = 0; path = Pods_MoviePosters.framework; sourceTree = BUILT_PRODUCTS_DIR; };
		6603402425FCE2FB00B98E40 /* MoviePosters.app */ = {isa = PBXFileReference; explicitFileType = wrapper.application; includeInIndex = 0; path = MoviePosters.app; sourceTree = BUILT_PRODUCTS_DIR; };
		6603402725FCE2FB00B98E40 /* AppDelegate.swift */ = {isa = PBXFileReference; lastKnownFileType = sourcecode.swift; path = AppDelegate.swift; sourceTree = "<group>"; };
		6603402925FCE2FB00B98E40 /* SceneDelegate.swift */ = {isa = PBXFileReference; lastKnownFileType = sourcecode.swift; path = SceneDelegate.swift; sourceTree = "<group>"; };
		6603402E25FCE2FB00B98E40 /* Base */ = {isa = PBXFileReference; lastKnownFileType = file.storyboard; name = Base; path = Base.lproj/Main.storyboard; sourceTree = "<group>"; };
		6603403025FCE2FD00B98E40 /* Assets.xcassets */ = {isa = PBXFileReference; lastKnownFileType = folder.assetcatalog; path = Assets.xcassets; sourceTree = "<group>"; };
		6603403325FCE2FD00B98E40 /* Base */ = {isa = PBXFileReference; lastKnownFileType = file.storyboard; name = Base; path = Base.lproj/LaunchScreen.storyboard; sourceTree = "<group>"; };
		6603403525FCE2FD00B98E40 /* Info.plist */ = {isa = PBXFileReference; lastKnownFileType = text.plist.xml; path = Info.plist; sourceTree = "<group>"; };
		6603403A25FCE2FE00B98E40 /* MoviePostersTests.xctest */ = {isa = PBXFileReference; explicitFileType = wrapper.cfbundle; includeInIndex = 0; path = MoviePostersTests.xctest; sourceTree = BUILT_PRODUCTS_DIR; };
		6603403E25FCE2FE00B98E40 /* MoviePostersTests.swift */ = {isa = PBXFileReference; lastKnownFileType = sourcecode.swift; path = MoviePostersTests.swift; sourceTree = "<group>"; };
		6603404025FCE2FE00B98E40 /* Info.plist */ = {isa = PBXFileReference; lastKnownFileType = text.plist.xml; path = Info.plist; sourceTree = "<group>"; };
		6603404525FCE2FE00B98E40 /* MoviePostersUITests.xctest */ = {isa = PBXFileReference; explicitFileType = wrapper.cfbundle; includeInIndex = 0; path = MoviePostersUITests.xctest; sourceTree = BUILT_PRODUCTS_DIR; };
		6603404925FCE2FE00B98E40 /* MoviePostersUITests.swift */ = {isa = PBXFileReference; lastKnownFileType = sourcecode.swift; path = MoviePostersUITests.swift; sourceTree = "<group>"; };
		6603404B25FCE2FE00B98E40 /* Info.plist */ = {isa = PBXFileReference; lastKnownFileType = text.plist.xml; path = Info.plist; sourceTree = "<group>"; };
		6603408925FCE88600B98E40 /* MPMoviePostersViewModel.swift */ = {isa = PBXFileReference; lastKnownFileType = sourcecode.swift; path = MPMoviePostersViewModel.swift; sourceTree = "<group>"; };
		6603408E25FCEACB00B98E40 /* MPMoviePostersCell.swift */ = {isa = PBXFileReference; lastKnownFileType = sourcecode.swift; path = MPMoviePostersCell.swift; sourceTree = "<group>"; };
		660340A225FCEEAC00B98E40 /* MPMoviePostersVC.swift */ = {isa = PBXFileReference; lastKnownFileType = sourcecode.swift; path = MPMoviePostersVC.swift; sourceTree = "<group>"; };
		660340AB25FCFF1000B98E40 /* MPNetworkConstants.swift */ = {isa = PBXFileReference; lastKnownFileType = sourcecode.swift; path = MPNetworkConstants.swift; sourceTree = "<group>"; };
		660340B325FD084600B98E40 /* WebServices.swift */ = {isa = PBXFileReference; lastKnownFileType = sourcecode.swift; path = WebServices.swift; sourceTree = "<group>"; };
		660340B925FD093700B98E40 /* Bindable.swift */ = {isa = PBXFileReference; lastKnownFileType = sourcecode.swift; path = Bindable.swift; sourceTree = "<group>"; };
		660340C125FD09B100B98E40 /* NetworkEnums.swift */ = {isa = PBXFileReference; lastKnownFileType = sourcecode.swift; path = NetworkEnums.swift; sourceTree = "<group>"; };
		660340C625FD0A5800B98E40 /* Movie.swift */ = {isa = PBXFileReference; lastKnownFileType = sourcecode.swift; path = Movie.swift; sourceTree = "<group>"; };
		660340CC25FD0C0B00B98E40 /* NowPlayingAPI.swift */ = {isa = PBXFileReference; lastKnownFileType = sourcecode.swift; path = NowPlayingAPI.swift; sourceTree = "<group>"; };
		660340D225FD0C5A00B98E40 /* Service.swift */ = {isa = PBXFileReference; lastKnownFileType = sourcecode.swift; path = Service.swift; sourceTree = "<group>"; };
		660340DD25FD0F1C00B98E40 /* URLSessionDelegation.swift */ = {isa = PBXFileReference; lastKnownFileType = sourcecode.swift; path = URLSessionDelegation.swift; sourceTree = "<group>"; };
		660340F525FD10B800B98E40 /* NowPlayingResponse.swift */ = {isa = PBXFileReference; lastKnownFileType = sourcecode.swift; path = NowPlayingResponse.swift; sourceTree = "<group>"; };
		660340FF25FD11D700B98E40 /* RequiredExtenssions.swift */ = {isa = PBXFileReference; lastKnownFileType = sourcecode.swift; path = RequiredExtenssions.swift; sourceTree = "<group>"; };
		6603411825FE11D200B98E40 /* MPMovieDetailVC.swift */ = {isa = PBXFileReference; lastKnownFileType = sourcecode.swift; path = MPMovieDetailVC.swift; sourceTree = "<group>"; };
		6603411D25FE11FD00B98E40 /* MPMovieDetailViewModel.swift */ = {isa = PBXFileReference; lastKnownFileType = sourcecode.swift; path = MPMovieDetailViewModel.swift; sourceTree = "<group>"; };
		EB5B028841E3DB400FB17C23 /* Pods-MoviePosters.debug.xcconfig */ = {isa = PBXFileReference; includeInIndex = 1; lastKnownFileType = text.xcconfig; name = "Pods-MoviePosters.debug.xcconfig"; path = "Target Support Files/Pods-MoviePosters/Pods-MoviePosters.debug.xcconfig"; sourceTree = "<group>"; };
		F35C343E4AD75B854A63835A /* Pods-MoviePosters.release.xcconfig */ = {isa = PBXFileReference; includeInIndex = 1; lastKnownFileType = text.xcconfig; name = "Pods-MoviePosters.release.xcconfig"; path = "Target Support Files/Pods-MoviePosters/Pods-MoviePosters.release.xcconfig"; sourceTree = "<group>"; };
/* End PBXFileReference section */

/* Begin PBXFrameworksBuildPhase section */
		6603402125FCE2FB00B98E40 /* Frameworks */ = {
			isa = PBXFrameworksBuildPhase;
			buildActionMask = 2147483647;
			files = (
				6B79D5D1FB3E3A5716A9341A /* Pods_MoviePosters.framework in Frameworks */,
			);
			runOnlyForDeploymentPostprocessing = 0;
		};
		6603403725FCE2FE00B98E40 /* Frameworks */ = {
			isa = PBXFrameworksBuildPhase;
			buildActionMask = 2147483647;
			files = (
			);
			runOnlyForDeploymentPostprocessing = 0;
		};
		6603404225FCE2FE00B98E40 /* Frameworks */ = {
			isa = PBXFrameworksBuildPhase;
			buildActionMask = 2147483647;
			files = (
			);
			runOnlyForDeploymentPostprocessing = 0;
		};
/* End PBXFrameworksBuildPhase section */

/* Begin PBXGroup section */
		26EC27DFEFD7E272D489B1DB /* Pods */ = {
			isa = PBXGroup;
			children = (
				EB5B028841E3DB400FB17C23 /* Pods-MoviePosters.debug.xcconfig */,
				F35C343E4AD75B854A63835A /* Pods-MoviePosters.release.xcconfig */,
			);
			path = Pods;
			sourceTree = "<group>";
		};
		6603401B25FCE2FB00B98E40 = {
			isa = PBXGroup;
			children = (
				6603402625FCE2FB00B98E40 /* MoviePosters */,
				6603403D25FCE2FE00B98E40 /* MoviePostersTests */,
				6603404825FCE2FE00B98E40 /* MoviePostersUITests */,
				6603402525FCE2FB00B98E40 /* Products */,
				26EC27DFEFD7E272D489B1DB /* Pods */,
				6A515FCF47E738804340F80D /* Frameworks */,
			);
			sourceTree = "<group>";
		};
		6603402525FCE2FB00B98E40 /* Products */ = {
			isa = PBXGroup;
			children = (
				6603402425FCE2FB00B98E40 /* MoviePosters.app */,
				6603403A25FCE2FE00B98E40 /* MoviePostersTests.xctest */,
				6603404525FCE2FE00B98E40 /* MoviePostersUITests.xctest */,
			);
			name = Products;
			sourceTree = "<group>";
		};
		6603402625FCE2FB00B98E40 /* MoviePosters */ = {
			isa = PBXGroup;
			children = (
				6603408125FCE5AA00B98E40 /* AppDelegate */,
				660340B825FD092900B98E40 /* Handllers */,
				660340AA25FCFEF000B98E40 /* Networks */,
				6603407F25FCE52C00B98E40 /* Controllers */,
				6603407E25FCE51800B98E40 /* ViewModels */,
				6603408525FCE64200B98E40 /* Views */,
				6603408025FCE54700B98E40 /* Models */,
				6603403525FCE2FD00B98E40 /* Info.plist */,
				6603410725FD125B00B98E40 /* Resources */,
			);
			path = MoviePosters;
			sourceTree = "<group>";
		};
		6603403D25FCE2FE00B98E40 /* MoviePostersTests */ = {
			isa = PBXGroup;
			children = (
				6603403E25FCE2FE00B98E40 /* MoviePostersTests.swift */,
				6603404025FCE2FE00B98E40 /* Info.plist */,
			);
			path = MoviePostersTests;
			sourceTree = "<group>";
		};
		6603404825FCE2FE00B98E40 /* MoviePostersUITests */ = {
			isa = PBXGroup;
			children = (
				6603404925FCE2FE00B98E40 /* MoviePostersUITests.swift */,
				6603404B25FCE2FE00B98E40 /* Info.plist */,
			);
			path = MoviePostersUITests;
			sourceTree = "<group>";
		};
		6603407E25FCE51800B98E40 /* ViewModels */ = {
			isa = PBXGroup;
			children = (
				6603408925FCE88600B98E40 /* MPMoviePostersViewModel.swift */,
				6603411D25FE11FD00B98E40 /* MPMovieDetailViewModel.swift */,
			);
			path = ViewModels;
			sourceTree = "<group>";
		};
		6603407F25FCE52C00B98E40 /* Controllers */ = {
			isa = PBXGroup;
			children = (
				660340A225FCEEAC00B98E40 /* MPMoviePostersVC.swift */,
				6603411825FE11D200B98E40 /* MPMovieDetailVC.swift */,
			);
			path = Controllers;
			sourceTree = "<group>";
		};
		6603408025FCE54700B98E40 /* Models */ = {
			isa = PBXGroup;
			children = (
				660340C625FD0A5800B98E40 /* Movie.swift */,
				660340F525FD10B800B98E40 /* NowPlayingResponse.swift */,
			);
			path = Models;
			sourceTree = "<group>";
		};
		6603408125FCE5AA00B98E40 /* AppDelegate */ = {
			isa = PBXGroup;
			children = (
				6603402725FCE2FB00B98E40 /* AppDelegate.swift */,
				6603402925FCE2FB00B98E40 /* SceneDelegate.swift */,
			);
			path = AppDelegate;
			sourceTree = "<group>";
		};
		6603408525FCE64200B98E40 /* Views */ = {
			isa = PBXGroup;
			children = (
				6603408E25FCEACB00B98E40 /* MPMoviePostersCell.swift */,
			);
			path = Views;
			sourceTree = "<group>";
		};
		660340AA25FCFEF000B98E40 /* Networks */ = {
			isa = PBXGroup;
			children = (
				660340E225FD0FB400B98E40 /* Extenssions */,
				660340AB25FCFF1000B98E40 /* MPNetworkConstants.swift */,
				660340B325FD084600B98E40 /* WebServices.swift */,
				660340D125FD0C4D00B98E40 /* Delegations */,
				660340CB25FD0BF500B98E40 /* WebServices */,
			);
			path = Networks;
			sourceTree = "<group>";
		};
		660340B825FD092900B98E40 /* Handllers */ = {
			isa = PBXGroup;
			children = (
				660340B925FD093700B98E40 /* Bindable.swift */,
				660340C125FD09B100B98E40 /* NetworkEnums.swift */,
			);
			path = Handllers;
			sourceTree = "<group>";
		};
		660340CB25FD0BF500B98E40 /* WebServices */ = {
			isa = PBXGroup;
			children = (
				660340CC25FD0C0B00B98E40 /* NowPlayingAPI.swift */,
			);
			path = WebServices;
			sourceTree = "<group>";
		};
		660340D125FD0C4D00B98E40 /* Delegations */ = {
			isa = PBXGroup;
			children = (
				660340D225FD0C5A00B98E40 /* Service.swift */,
				660340DD25FD0F1C00B98E40 /* URLSessionDelegation.swift */,
			);
			path = Delegations;
			sourceTree = "<group>";
		};
		660340E225FD0FB400B98E40 /* Extenssions */ = {
			isa = PBXGroup;
			children = (
				660340FF25FD11D700B98E40 /* RequiredExtenssions.swift */,
			);
			path = Extenssions;
			sourceTree = "<group>";
		};
		6603410725FD125B00B98E40 /* Resources */ = {
			isa = PBXGroup;
			children = (
				6603402D25FCE2FB00B98E40 /* Main.storyboard */,
				6603403025FCE2FD00B98E40 /* Assets.xcassets */,
				6603403225FCE2FD00B98E40 /* LaunchScreen.storyboard */,
			);
			path = Resources;
			sourceTree = "<group>";
		};
		6A515FCF47E738804340F80D /* Frameworks */ = {
			isa = PBXGroup;
			children = (
				65044D379E8394F8433834BE /* Pods_MoviePosters.framework */,
			);
			name = Frameworks;
			sourceTree = "<group>";
		};
/* End PBXGroup section */

/* Begin PBXNativeTarget section */
		6603402325FCE2FB00B98E40 /* MoviePosters */ = {
			isa = PBXNativeTarget;
			buildConfigurationList = 6603404E25FCE2FE00B98E40 /* Build configuration list for PBXNativeTarget "MoviePosters" */;
			buildPhases = (
				F3AA24A932FBC15FD20CE7DA /* [CP] Check Pods Manifest.lock */,
				6603402025FCE2FB00B98E40 /* Sources */,
				6603402125FCE2FB00B98E40 /* Frameworks */,
				6603402225FCE2FB00B98E40 /* Resources */,
				57A7C0273E925B45DF6EE437 /* [CP] Embed Pods Frameworks */,
			);
			buildRules = (
			);
			dependencies = (
			);
			name = MoviePosters;
			productName = MoviePosters;
			productReference = 6603402425FCE2FB00B98E40 /* MoviePosters.app */;
			productType = "com.apple.product-type.application";
		};
		6603403925FCE2FE00B98E40 /* MoviePostersTests */ = {
			isa = PBXNativeTarget;
			buildConfigurationList = 6603405125FCE2FE00B98E40 /* Build configuration list for PBXNativeTarget "MoviePostersTests" */;
			buildPhases = (
				6603403625FCE2FE00B98E40 /* Sources */,
				6603403725FCE2FE00B98E40 /* Frameworks */,
				6603403825FCE2FE00B98E40 /* Resources */,
			);
			buildRules = (
			);
			dependencies = (
				6603403C25FCE2FE00B98E40 /* PBXTargetDependency */,
			);
			name = MoviePostersTests;
			productName = MoviePostersTests;
			productReference = 6603403A25FCE2FE00B98E40 /* MoviePostersTests.xctest */;
			productType = "com.apple.product-type.bundle.unit-test";
		};
		6603404425FCE2FE00B98E40 /* MoviePostersUITests */ = {
			isa = PBXNativeTarget;
			buildConfigurationList = 6603405425FCE2FE00B98E40 /* Build configuration list for PBXNativeTarget "MoviePostersUITests" */;
			buildPhases = (
				6603404125FCE2FE00B98E40 /* Sources */,
				6603404225FCE2FE00B98E40 /* Frameworks */,
				6603404325FCE2FE00B98E40 /* Resources */,
			);
			buildRules = (
			);
			dependencies = (
				6603404725FCE2FE00B98E40 /* PBXTargetDependency */,
			);
			name = MoviePostersUITests;
			productName = MoviePostersUITests;
			productReference = 6603404525FCE2FE00B98E40 /* MoviePostersUITests.xctest */;
			productType = "com.apple.product-type.bundle.ui-testing";
		};
/* End PBXNativeTarget section */

/* Begin PBXProject section */
		6603401C25FCE2FB00B98E40 /* Project object */ = {
			isa = PBXProject;
			attributes = {
				LastSwiftUpdateCheck = 1220;
				LastUpgradeCheck = 1220;
				TargetAttributes = {
					6603402325FCE2FB00B98E40 = {
						CreatedOnToolsVersion = 12.2;
					};
					6603403925FCE2FE00B98E40 = {
						CreatedOnToolsVersion = 12.2;
						TestTargetID = 6603402325FCE2FB00B98E40;
					};
					6603404425FCE2FE00B98E40 = {
						CreatedOnToolsVersion = 12.2;
						TestTargetID = 6603402325FCE2FB00B98E40;
					};
				};
			};
			buildConfigurationList = 6603401F25FCE2FB00B98E40 /* Build configuration list for PBXProject "MoviePosters" */;
			compatibilityVersion = "Xcode 9.3";
			developmentRegion = en;
			hasScannedForEncodings = 0;
			knownRegions = (
				en,
				Base,
			);
			mainGroup = 6603401B25FCE2FB00B98E40;
			productRefGroup = 6603402525FCE2FB00B98E40 /* Products */;
			projectDirPath = "";
			projectRoot = "";
			targets = (
				6603402325FCE2FB00B98E40 /* MoviePosters */,
				6603403925FCE2FE00B98E40 /* MoviePostersTests */,
				6603404425FCE2FE00B98E40 /* MoviePostersUITests */,
			);
		};
/* End PBXProject section */

/* Begin PBXResourcesBuildPhase section */
		6603402225FCE2FB00B98E40 /* Resources */ = {
			isa = PBXResourcesBuildPhase;
			buildActionMask = 2147483647;
			files = (
				6603403425FCE2FD00B98E40 /* LaunchScreen.storyboard in Resources */,
				6603403125FCE2FD00B98E40 /* Assets.xcassets in Resources */,
				6603402F25FCE2FB00B98E40 /* Main.storyboard in Resources */,
			);
			runOnlyForDeploymentPostprocessing = 0;
		};
		6603403825FCE2FE00B98E40 /* Resources */ = {
			isa = PBXResourcesBuildPhase;
			buildActionMask = 2147483647;
			files = (
			);
			runOnlyForDeploymentPostprocessing = 0;
		};
		6603404325FCE2FE00B98E40 /* Resources */ = {
			isa = PBXResourcesBuildPhase;
			buildActionMask = 2147483647;
			files = (
			);
			runOnlyForDeploymentPostprocessing = 0;
		};
/* End PBXResourcesBuildPhase section */

/* Begin PBXShellScriptBuildPhase section */
		57A7C0273E925B45DF6EE437 /* [CP] Embed Pods Frameworks */ = {
			isa = PBXShellScriptBuildPhase;
			buildActionMask = 2147483647;
			files = (
			);
			inputFileListPaths = (
				"${PODS_ROOT}/Target Support Files/Pods-MoviePosters/Pods-MoviePosters-frameworks-${CONFIGURATION}-input-files.xcfilelist",
			);
			name = "[CP] Embed Pods Frameworks";
			outputFileListPaths = (
				"${PODS_ROOT}/Target Support Files/Pods-MoviePosters/Pods-MoviePosters-frameworks-${CONFIGURATION}-output-files.xcfilelist",
			);
			runOnlyForDeploymentPostprocessing = 0;
			shellPath = /bin/sh;
			shellScript = "\"${PODS_ROOT}/Target Support Files/Pods-MoviePosters/Pods-MoviePosters-frameworks.sh\"\n";
			showEnvVarsInLog = 0;
		};
		F3AA24A932FBC15FD20CE7DA /* [CP] Check Pods Manifest.lock */ = {
			isa = PBXShellScriptBuildPhase;
			buildActionMask = 2147483647;
			files = (
			);
			inputFileListPaths = (
			);
			inputPaths = (
				"${PODS_PODFILE_DIR_PATH}/Podfile.lock",
				"${PODS_ROOT}/Manifest.lock",
			);
			name = "[CP] Check Pods Manifest.lock";
			outputFileListPaths = (
			);
			outputPaths = (
				"$(DERIVED_FILE_DIR)/Pods-MoviePosters-checkManifestLockResult.txt",
			);
			runOnlyForDeploymentPostprocessing = 0;
			shellPath = /bin/sh;
			shellScript = "diff \"${PODS_PODFILE_DIR_PATH}/Podfile.lock\" \"${PODS_ROOT}/Manifest.lock\" > /dev/null\nif [ $? != 0 ] ; then\n    # print error to STDERR\n    echo \"error: The sandbox is not in sync with the Podfile.lock. Run 'pod install' or update your CocoaPods installation.\" >&2\n    exit 1\nfi\n# This output is used by Xcode 'outputs' to avoid re-running this script phase.\necho \"SUCCESS\" > \"${SCRIPT_OUTPUT_FILE_0}\"\n";
			showEnvVarsInLog = 0;
		};
/* End PBXShellScriptBuildPhase section */

/* Begin PBXSourcesBuildPhase section */
		6603402025FCE2FB00B98E40 /* Sources */ = {
			isa = PBXSourcesBuildPhase;
			buildActionMask = 2147483647;
			files = (
				6603402825FCE2FB00B98E40 /* AppDelegate.swift in Sources */,
				660340AC25FCFF1000B98E40 /* MPNetworkConstants.swift in Sources */,
				660340BA25FD093700B98E40 /* Bindable.swift in Sources */,
				660340DE25FD0F1C00B98E40 /* URLSessionDelegation.swift in Sources */,
				6603411E25FE11FD00B98E40 /* MPMovieDetailViewModel.swift in Sources */,
				660340B425FD084600B98E40 /* WebServices.swift in Sources */,
				660340C725FD0A5800B98E40 /* Movie.swift in Sources */,
				660340D325FD0C5A00B98E40 /* Service.swift in Sources */,
				6603408A25FCE88600B98E40 /* MPMoviePostersViewModel.swift in Sources */,
				660340CD25FD0C0B00B98E40 /* NowPlayingAPI.swift in Sources */,
				6603411925FE11D200B98E40 /* MPMovieDetailVC.swift in Sources */,
				660340C225FD09B100B98E40 /* NetworkEnums.swift in Sources */,
				6603408F25FCEACB00B98E40 /* MPMoviePostersCell.swift in Sources */,
				6603410025FD11D700B98E40 /* RequiredExtenssions.swift in Sources */,
				6603402A25FCE2FB00B98E40 /* SceneDelegate.swift in Sources */,
				660340A325FCEEAC00B98E40 /* MPMoviePostersVC.swift in Sources */,
				660340F625FD10B800B98E40 /* NowPlayingResponse.swift in Sources */,
			);
			runOnlyForDeploymentPostprocessing = 0;
		};
		6603403625FCE2FE00B98E40 /* Sources */ = {
			isa = PBXSourcesBuildPhase;
			buildActionMask = 2147483647;
			files = (
				6603403F25FCE2FE00B98E40 /* MoviePostersTests.swift in Sources */,
			);
			runOnlyForDeploymentPostprocessing = 0;
		};
		6603404125FCE2FE00B98E40 /* Sources */ = {
			isa = PBXSourcesBuildPhase;
			buildActionMask = 2147483647;
			files = (
				6603404A25FCE2FE00B98E40 /* MoviePostersUITests.swift in Sources */,
			);
			runOnlyForDeploymentPostprocessing = 0;
		};
/* End PBXSourcesBuildPhase section */

/* Begin PBXTargetDependency section */
		6603403C25FCE2FE00B98E40 /* PBXTargetDependency */ = {
			isa = PBXTargetDependency;
			target = 6603402325FCE2FB00B98E40 /* MoviePosters */;
			targetProxy = 6603403B25FCE2FE00B98E40 /* PBXContainerItemProxy */;
		};
		6603404725FCE2FE00B98E40 /* PBXTargetDependency */ = {
			isa = PBXTargetDependency;
			target = 6603402325FCE2FB00B98E40 /* MoviePosters */;
			targetProxy = 6603404625FCE2FE00B98E40 /* PBXContainerItemProxy */;
		};
/* End PBXTargetDependency section */

/* Begin PBXVariantGroup section */
		6603402D25FCE2FB00B98E40 /* Main.storyboard */ = {
			isa = PBXVariantGroup;
			children = (
				6603402E25FCE2FB00B98E40 /* Base */,
			);
			name = Main.storyboard;
			sourceTree = "<group>";
		};
		6603403225FCE2FD00B98E40 /* LaunchScreen.storyboard */ = {
			isa = PBXVariantGroup;
			children = (
				6603403325FCE2FD00B98E40 /* Base */,
			);
			name = LaunchScreen.storyboard;
			sourceTree = "<group>";
		};
/* End PBXVariantGroup section */

/* Begin XCBuildConfiguration section */
		6603404C25FCE2FE00B98E40 /* Debug */ = {
			isa = XCBuildConfiguration;
			buildSettings = {
				ALWAYS_SEARCH_USER_PATHS = NO;
				CLANG_ANALYZER_NONNULL = YES;
				CLANG_ANALYZER_NUMBER_OBJECT_CONVERSION = YES_AGGRESSIVE;
				CLANG_CXX_LANGUAGE_STANDARD = "gnu++14";
				CLANG_CXX_LIBRARY = "libc++";
				CLANG_ENABLE_MODULES = YES;
				CLANG_ENABLE_OBJC_ARC = YES;
				CLANG_ENABLE_OBJC_WEAK = YES;
				CLANG_WARN_BLOCK_CAPTURE_AUTORELEASING = YES;
				CLANG_WARN_BOOL_CONVERSION = YES;
				CLANG_WARN_COMMA = YES;
				CLANG_WARN_CONSTANT_CONVERSION = YES;
				CLANG_WARN_DEPRECATED_OBJC_IMPLEMENTATIONS = YES;
				CLANG_WARN_DIRECT_OBJC_ISA_USAGE = YES_ERROR;
				CLANG_WARN_DOCUMENTATION_COMMENTS = YES;
				CLANG_WARN_EMPTY_BODY = YES;
				CLANG_WARN_ENUM_CONVERSION = YES;
				CLANG_WARN_INFINITE_RECURSION = YES;
				CLANG_WARN_INT_CONVERSION = YES;
				CLANG_WARN_NON_LITERAL_NULL_CONVERSION = YES;
				CLANG_WARN_OBJC_IMPLICIT_RETAIN_SELF = YES;
				CLANG_WARN_OBJC_LITERAL_CONVERSION = YES;
				CLANG_WARN_OBJC_ROOT_CLASS = YES_ERROR;
				CLANG_WARN_QUOTED_INCLUDE_IN_FRAMEWORK_HEADER = YES;
				CLANG_WARN_RANGE_LOOP_ANALYSIS = YES;
				CLANG_WARN_STRICT_PROTOTYPES = YES;
				CLANG_WARN_SUSPICIOUS_MOVE = YES;
				CLANG_WARN_UNGUARDED_AVAILABILITY = YES_AGGRESSIVE;
				CLANG_WARN_UNREACHABLE_CODE = YES;
				CLANG_WARN__DUPLICATE_METHOD_MATCH = YES;
				COPY_PHASE_STRIP = NO;
				DEBUG_INFORMATION_FORMAT = dwarf;
				ENABLE_STRICT_OBJC_MSGSEND = YES;
				ENABLE_TESTABILITY = YES;
				GCC_C_LANGUAGE_STANDARD = gnu11;
				GCC_DYNAMIC_NO_PIC = NO;
				GCC_NO_COMMON_BLOCKS = YES;
				GCC_OPTIMIZATION_LEVEL = 0;
				GCC_PREPROCESSOR_DEFINITIONS = (
					"DEBUG=1",
					"$(inherited)",
				);
				GCC_WARN_64_TO_32_BIT_CONVERSION = YES;
				GCC_WARN_ABOUT_RETURN_TYPE = YES_ERROR;
				GCC_WARN_UNDECLARED_SELECTOR = YES;
				GCC_WARN_UNINITIALIZED_AUTOS = YES_AGGRESSIVE;
				GCC_WARN_UNUSED_FUNCTION = YES;
				GCC_WARN_UNUSED_VARIABLE = YES;
				IPHONEOS_DEPLOYMENT_TARGET = 14.2;
				MTL_ENABLE_DEBUG_INFO = INCLUDE_SOURCE;
				MTL_FAST_MATH = YES;
				ONLY_ACTIVE_ARCH = YES;
				SDKROOT = iphoneos;
				SWIFT_ACTIVE_COMPILATION_CONDITIONS = DEBUG;
				SWIFT_OPTIMIZATION_LEVEL = "-Onone";
			};
			name = Debug;
		};
		6603404D25FCE2FE00B98E40 /* Release */ = {
			isa = XCBuildConfiguration;
			buildSettings = {
				ALWAYS_SEARCH_USER_PATHS = NO;
				CLANG_ANALYZER_NONNULL = YES;
				CLANG_ANALYZER_NUMBER_OBJECT_CONVERSION = YES_AGGRESSIVE;
				CLANG_CXX_LANGUAGE_STANDARD = "gnu++14";
				CLANG_CXX_LIBRARY = "libc++";
				CLANG_ENABLE_MODULES = YES;
				CLANG_ENABLE_OBJC_ARC = YES;
				CLANG_ENABLE_OBJC_WEAK = YES;
				CLANG_WARN_BLOCK_CAPTURE_AUTORELEASING = YES;
				CLANG_WARN_BOOL_CONVERSION = YES;
				CLANG_WARN_COMMA = YES;
				CLANG_WARN_CONSTANT_CONVERSION = YES;
				CLANG_WARN_DEPRECATED_OBJC_IMPLEMENTATIONS = YES;
				CLANG_WARN_DIRECT_OBJC_ISA_USAGE = YES_ERROR;
				CLANG_WARN_DOCUMENTATION_COMMENTS = YES;
				CLANG_WARN_EMPTY_BODY = YES;
				CLANG_WARN_ENUM_CONVERSION = YES;
				CLANG_WARN_INFINITE_RECURSION = YES;
				CLANG_WARN_INT_CONVERSION = YES;
				CLANG_WARN_NON_LITERAL_NULL_CONVERSION = YES;
				CLANG_WARN_OBJC_IMPLICIT_RETAIN_SELF = YES;
				CLANG_WARN_OBJC_LITERAL_CONVERSION = YES;
				CLANG_WARN_OBJC_ROOT_CLASS = YES_ERROR;
				CLANG_WARN_QUOTED_INCLUDE_IN_FRAMEWORK_HEADER = YES;
				CLANG_WARN_RANGE_LOOP_ANALYSIS = YES;
				CLANG_WARN_STRICT_PROTOTYPES = YES;
				CLANG_WARN_SUSPICIOUS_MOVE = YES;
				CLANG_WARN_UNGUARDED_AVAILABILITY = YES_AGGRESSIVE;
				CLANG_WARN_UNREACHABLE_CODE = YES;
				CLANG_WARN__DUPLICATE_METHOD_MATCH = YES;
				COPY_PHASE_STRIP = NO;
				DEBUG_INFORMATION_FORMAT = "dwarf-with-dsym";
				ENABLE_NS_ASSERTIONS = NO;
				ENABLE_STRICT_OBJC_MSGSEND = YES;
				GCC_C_LANGUAGE_STANDARD = gnu11;
				GCC_NO_COMMON_BLOCKS = YES;
				GCC_WARN_64_TO_32_BIT_CONVERSION = YES;
				GCC_WARN_ABOUT_RETURN_TYPE = YES_ERROR;
				GCC_WARN_UNDECLARED_SELECTOR = YES;
				GCC_WARN_UNINITIALIZED_AUTOS = YES_AGGRESSIVE;
				GCC_WARN_UNUSED_FUNCTION = YES;
				GCC_WARN_UNUSED_VARIABLE = YES;
				IPHONEOS_DEPLOYMENT_TARGET = 14.2;
				MTL_ENABLE_DEBUG_INFO = NO;
				MTL_FAST_MATH = YES;
				SDKROOT = iphoneos;
				SWIFT_COMPILATION_MODE = wholemodule;
				SWIFT_OPTIMIZATION_LEVEL = "-O";
				VALIDATE_PRODUCT = YES;
			};
			name = Release;
		};
		6603404F25FCE2FE00B98E40 /* Debug */ = {
			isa = XCBuildConfiguration;
			baseConfigurationReference = EB5B028841E3DB400FB17C23 /* Pods-MoviePosters.debug.xcconfig */;
			buildSettings = {
				ASSETCATALOG_COMPILER_APPICON_NAME = AppIcon;
				ASSETCATALOG_COMPILER_GLOBAL_ACCENT_COLOR_NAME = AccentColor;
				CODE_SIGN_STYLE = Automatic;
				DEVELOPMENT_TEAM = XC64Y8QLPW;
				INFOPLIST_FILE = MoviePosters/Info.plist;
				LD_RUNPATH_SEARCH_PATHS = (
					"$(inherited)",
					"@executable_path/Frameworks",
				);
				PRODUCT_BUNDLE_IDENTIFIER = Vishal.MoviePosters;
				PRODUCT_NAME = "$(TARGET_NAME)";
				SWIFT_VERSION = 5.0;
				TARGETED_DEVICE_FAMILY = "1,2";
			};
			name = Debug;
		};
		6603405025FCE2FE00B98E40 /* Release */ = {
			isa = XCBuildConfiguration;
			baseConfigurationReference = F35C343E4AD75B854A63835A /* Pods-MoviePosters.release.xcconfig */;
			buildSettings = {
				ASSETCATALOG_COMPILER_APPICON_NAME = AppIcon;
				ASSETCATALOG_COMPILER_GLOBAL_ACCENT_COLOR_NAME = AccentColor;
				CODE_SIGN_STYLE = Automatic;
				DEVELOPMENT_TEAM = XC64Y8QLPW;
				INFOPLIST_FILE = MoviePosters/Info.plist;
				LD_RUNPATH_SEARCH_PATHS = (
					"$(inherited)",
					"@executable_path/Frameworks",
				);
				PRODUCT_BUNDLE_IDENTIFIER = Vishal.MoviePosters;
				PRODUCT_NAME = "$(TARGET_NAME)";
				SWIFT_VERSION = 5.0;
				TARGETED_DEVICE_FAMILY = "1,2";
			};
			name = Release;
		};
		6603405225FCE2FE00B98E40 /* Debug */ = {
			isa = XCBuildConfiguration;
			buildSettings = {
				ALWAYS_EMBED_SWIFT_STANDARD_LIBRARIES = YES;
				BUNDLE_LOADER = "$(TEST_HOST)";
				CODE_SIGN_STYLE = Automatic;
				INFOPLIST_FILE = MoviePostersTests/Info.plist;
				IPHONEOS_DEPLOYMENT_TARGET = 14.2;
				LD_RUNPATH_SEARCH_PATHS = (
					"$(inherited)",
					"@executable_path/Frameworks",
					"@loader_path/Frameworks",
				);
				PRODUCT_BUNDLE_IDENTIFIER = Vishal.MoviePostersTests;
				PRODUCT_NAME = "$(TARGET_NAME)";
				SWIFT_VERSION = 5.0;
				TARGETED_DEVICE_FAMILY = "1,2";
				TEST_HOST = "$(BUILT_PRODUCTS_DIR)/MoviePosters.app/MoviePosters";
			};
			name = Debug;
		};
		6603405325FCE2FE00B98E40 /* Release */ = {
			isa = XCBuildConfiguration;
			buildSettings = {
				ALWAYS_EMBED_SWIFT_STANDARD_LIBRARIES = YES;
				BUNDLE_LOADER = "$(TEST_HOST)";
				CODE_SIGN_STYLE = Automatic;
				INFOPLIST_FILE = MoviePostersTests/Info.plist;
				IPHONEOS_DEPLOYMENT_TARGET = 14.2;
				LD_RUNPATH_SEARCH_PATHS = (
					"$(inherited)",
					"@executable_path/Frameworks",
					"@loader_path/Frameworks",
				);
				PRODUCT_BUNDLE_IDENTIFIER = Vishal.MoviePostersTests;
				PRODUCT_NAME = "$(TARGET_NAME)";
				SWIFT_VERSION = 5.0;
				TARGETED_DEVICE_FAMILY = "1,2";
				TEST_HOST = "$(BUILT_PRODUCTS_DIR)/MoviePosters.app/MoviePosters";
			};
			name = Release;
		};
		6603405525FCE2FE00B98E40 /* Debug */ = {
			isa = XCBuildConfiguration;
			buildSettings = {
				ALWAYS_EMBED_SWIFT_STANDARD_LIBRARIES = YES;
				CODE_SIGN_STYLE = Automatic;
				INFOPLIST_FILE = MoviePostersUITests/Info.plist;
				LD_RUNPATH_SEARCH_PATHS = (
					"$(inherited)",
					"@executable_path/Frameworks",
					"@loader_path/Frameworks",
				);
				PRODUCT_BUNDLE_IDENTIFIER = Vishal.MoviePostersUITests;
				PRODUCT_NAME = "$(TARGET_NAME)";
				SWIFT_VERSION = 5.0;
				TARGETED_DEVICE_FAMILY = "1,2";
				TEST_TARGET_NAME = MoviePosters;
			};
			name = Debug;
		};
		6603405625FCE2FE00B98E40 /* Release */ = {
			isa = XCBuildConfiguration;
			buildSettings = {
				ALWAYS_EMBED_SWIFT_STANDARD_LIBRARIES = YES;
				CODE_SIGN_STYLE = Automatic;
				INFOPLIST_FILE = MoviePostersUITests/Info.plist;
				LD_RUNPATH_SEARCH_PATHS = (
					"$(inherited)",
					"@executable_path/Frameworks",
					"@loader_path/Frameworks",
				);
				PRODUCT_BUNDLE_IDENTIFIER = Vishal.MoviePostersUITests;
				PRODUCT_NAME = "$(TARGET_NAME)";
				SWIFT_VERSION = 5.0;
				TARGETED_DEVICE_FAMILY = "1,2";
				TEST_TARGET_NAME = MoviePosters;
			};
			name = Release;
		};
/* End XCBuildConfiguration section */

/* Begin XCConfigurationList section */
		6603401F25FCE2FB00B98E40 /* Build configuration list for PBXProject "MoviePosters" */ = {
			isa = XCConfigurationList;
			buildConfigurations = (
				6603404C25FCE2FE00B98E40 /* Debug */,
				6603404D25FCE2FE00B98E40 /* Release */,
			);
			defaultConfigurationIsVisible = 0;
			defaultConfigurationName = Release;
		};
		6603404E25FCE2FE00B98E40 /* Build configuration list for PBXNativeTarget "MoviePosters" */ = {
			isa = XCConfigurationList;
			buildConfigurations = (
				6603404F25FCE2FE00B98E40 /* Debug */,
				6603405025FCE2FE00B98E40 /* Release */,
			);
			defaultConfigurationIsVisible = 0;
			defaultConfigurationName = Release;
		};
		6603405125FCE2FE00B98E40 /* Build configuration list for PBXNativeTarget "MoviePostersTests" */ = {
			isa = XCConfigurationList;
			buildConfigurations = (
				6603405225FCE2FE00B98E40 /* Debug */,
				6603405325FCE2FE00B98E40 /* Release */,
			);
			defaultConfigurationIsVisible = 0;
			defaultConfigurationName = Release;
		};
		6603405425FCE2FE00B98E40 /* Build configuration list for PBXNativeTarget "MoviePostersUITests" */ = {
			isa = XCConfigurationList;
			buildConfigurations = (
				6603405525FCE2FE00B98E40 /* Debug */,
				6603405625FCE2FE00B98E40 /* Release */,
			);
			defaultConfigurationIsVisible = 0;
			defaultConfigurationName = Release;
		};
/* End XCConfigurationList section */
	};
	rootObject = 6603401C25FCE2FB00B98E40 /* Project object */;
}
