// !$*UTF8*$!
{
	archiveVersion = 1;
	classes = {
	};
	objectVersion = 50;
	objects = {

/* Begin PBXBuildFile section */
		6603402825FCE2FB00B98E40 /* AppDelegate.swift in Sources */ = {isa = PBXBuildFile; fileRef = 6603402725FCE2FB00B98E40 /* AppDelegate.swift */; };
		6603402A25FCE2FB00B98E40 /* SceneDelegate.swift in Sources */ = {isa = PBXBuildFile; fileRef = 6603402925FCE2FB00B98E40 /* SceneDelegate.swift */; };
		6603402C25FCE2FB00B98E40 /* ViewController.swift in Sources */ = {isa = PBXBuildFile; fileRef = 6603402B25FCE2FB00B98E40 /* ViewController.swift */; };
		6603402F25FCE2FB00B98E40 /* Main.storyboard in Resources */ = {isa = PBXBuildFile; fileRef = 6603402D25FCE2FB00B98E40 /* Main.storyboard */; };
		6603403125FCE2FD00B98E40 /* Assets.xcassets in Resources */ = {isa = PBXBuildFile; fileRef = 6603403025FCE2FD00B98E40 /* Assets.xcassets */; };
		6603403425FCE2FD00B98E40 /* LaunchScreen.storyboard in Resources */ = {isa = PBXBuildFile; fileRef = 6603403225FCE2FD00B98E40 /* LaunchScreen.storyboard */; };
		6603403F25FCE2FE00B98E40 /* MoviePostersTests.swift in Sources */ = {isa = PBXBuildFile; fileRef = 6603403E25FCE2FE00B98E40 /* MoviePostersTests.swift */; };
		6603404A25FCE2FE00B98E40 /* MoviePostersUITests.swift in Sources */ = {isa = PBXBuildFile; fileRef = 6603404925FCE2FE00B98E40 /* MoviePostersUITests.swift */; };
/* End PBXBuildFile section */

/* Begin PBXContainerItemProxy section */
		6603403B25FCE2FE00B98E40 /* PBXContainerItemProxy */ = {
			isa = PBXContainerItemProxy;
			containerPortal = 6603401C25FCE2FB00B98E40 /* Project object */;
			proxyType = 1;
			remoteGlobalIDString = 6603402325FCE2FB00B98E40;
			remoteInfo = MoviePosters;
		};
		6603404625FCE2FE00B98E40 /* PBXContainerItemProxy */ = {
			isa = PBXContainerItemProxy;
			containerPortal = 6603401C25FCE2FB00B98E40 /* Project object */;
			proxyType = 1;
			remoteGlobalIDString = 6603402325FCE2FB00B98E40;
			remoteInfo = MoviePosters;
		};
/* End PBXContainerItemProxy section */

/* Begin PBXFileReference section */
		6603402425FCE2FB00B98E40 /* MoviePosters.app */ = {isa = PBXFileReference; explicitFileType = wrapper.application; includeInIndex = 0; path = MoviePosters.app; sourceTree = BUILT_PRODUCTS_DIR; };
		6603402725FCE2FB00B98E40 /* AppDelegate.swift */ = {isa = PBXFileReference; lastKnownFileType = sourcecode.swift; path = AppDelegate.swift; sourceTree = "<group>"; };
		6603402925FCE2FB00B98E40 /* SceneDelegate.swift */ = {isa = PBXFileReference; lastKnownFileType = sourcecode.swift; path = SceneDelegate.swift; sourceTree = "<group>"; };
		6603402B25FCE2FB00B98E40 /* ViewController.swift */ = {isa = PBXFileReference; lastKnownFileType = sourcecode.swift; path = ViewController.swift; sourceTree = "<group>"; };
		6603402E25FCE2FB00B98E40 /* Base */ = {isa = PBXFileReference; lastKnownFileType = file.storyboard; name = Base; path = Base.lproj/Main.storyboard; sourceTree = "<group>"; };
		6603403025FCE2FD00B98E40 /* Assets.xcassets */ = {isa = PBXFileReference; lastKnownFileType = folder.assetcatalog; path = Assets.xcassets; sourceTree = "<group>"; };
		6603403325FCE2FD00B98E40 /* Base */ = {isa = PBXFileReference; lastKnownFileType = file.storyboard; name = Base; path = Base.lproj/LaunchScreen.storyboard; sourceTree = "<group>"; };
		6603403525FCE2FD00B98E40 /* Info.plist */ = {isa = PBXFileReference; lastKnownFileType = text.plist.xml; path = Info.plist; sourceTree = "<group>"; };
		6603403A25FCE2FE00B98E40 /* MoviePostersTests.xctest */ = {isa = PBXFileReference; explicitFileType = wrapper.cfbundle; includeInIndex = 0; path = MoviePostersTests.xctest; sourceTree = BUILT_PRODUCTS_DIR; };
		6603403E25FCE2FE00B98E40 /* MoviePostersTests.swift */ = {isa = PBXFileReference; lastKnownFileType = sourcecode.swift; path = MoviePostersTests.swift; sourceTree = "<group>"; };
		6603404025FCE2FE00B98E40 /* Info.plist */ = {isa = PBXFileReference; lastKnownFileType = text.plist.xml; path = Info.plist; sourceTree = "<group>"; };
		6603404525FCE2FE00B98E40 /* MoviePostersUITests.xctest */ = {isa = PBXFileReference; explicitFileType = wrapper.cfbundle; includeInIndex = 0; path = MoviePostersUITests.xctest; sourceTree = BUILT_PRODUCTS_DIR; };
		6603404925FCE2FE00B98E40 /* MoviePostersUITests.swift */ = {isa = PBXFileReference; lastKnownFileType = sourcecode.swift; path = MoviePostersUITests.swift; sourceTree = "<group>"; };
		6603404B25FCE2FE00B98E40 /* Info.plist */ = {isa = PBXFileReference; lastKnownFileType = text.plist.xml; path = Info.plist; sourceTree = "<group>"; };
/* End PBXFileReference section */

/* Begin PBXFrameworksBuildPhase section */
		6603402125FCE2FB00B98E40 /* Frameworks */ = {
			isa = PBXFrameworksBuildPhase;
			buildActionMask = 2147483647;
			files = (
			);
			runOnlyForDeploymentPostprocessing = 0;
		};
		6603403725FCE2FE00B98E40 /* Frameworks */ = {
			isa = PBXFrameworksBuildPhase;
			buildActionMask = 2147483647;
			files = (
			);
			runOnlyForDeploymentPostprocessing = 0;
		};
		6603404225FCE2FE00B98E40 /* Frameworks */ = {
			isa = PBXFrameworksBuildPhase;
			buildActionMask = 2147483647;
			files = (
			);
			runOnlyForDeploymentPostprocessing = 0;
		};
/* End PBXFrameworksBuildPhase section */

/* Begin PBXGroup section */
		6603401B25FCE2FB00B98E40 = {
			isa = PBXGroup;
			children = (
				6603402625FCE2FB00B98E40 /* MoviePosters */,
				6603403D25FCE2FE00B98E40 /* MoviePostersTests */,
				6603404825FCE2FE00B98E40 /* MoviePostersUITests */,
				6603402525FCE2FB00B98E40 /* Products */,
			);
			sourceTree = "<group>";
		};
		6603402525FCE2FB00B98E40 /* Products */ = {
			isa = PBXGroup;
			children = (
				6603402425FCE2FB00B98E40 /* MoviePosters.app */,
				6603403A25FCE2FE00B98E40 /* MoviePostersTests.xctest */,
				6603404525FCE2FE00B98E40 /* MoviePostersUITests.xctest */,
			);
			name = Products;
			sourceTree = "<group>";
		};
		6603402625FCE2FB00B98E40 /* MoviePosters */ = {
			isa = PBXGroup;
			children = (
				6603402725FCE2FB00B98E40 /* AppDelegate.swift */,
				6603402925FCE2FB00B98E40 /* SceneDelegate.swift */,
				6603402B25FCE2FB00B98E40 /* ViewController.swift */,
				6603402D25FCE2FB00B98E40 /* Main.storyboard */,
				6603403025FCE2FD00B98E40 /* Assets.xcassets */,
				6603403225FCE2FD00B98E40 /* LaunchScreen.storyboard */,
				6603403525FCE2FD00B98E40 /* Info.plist */,
			);
			path = MoviePosters;
			sourceTree = "<group>";
		};
		6603403D25FCE2FE00B98E40 /* MoviePostersTests */ = {
			isa = PBXGroup;
			children = (
				6603403E25FCE2FE00B98E40 /* MoviePostersTests.swift */,
				6603404025FCE2FE00B98E40 /* Info.plist */,
			);
			path = MoviePostersTests;
			sourceTree = "<group>";
		};
		6603404825FCE2FE00B98E40 /* MoviePostersUITests */ = {
			isa = PBXGroup;
			children = (
				6603404925FCE2FE00B98E40 /* MoviePostersUITests.swift */,
				6603404B25FCE2FE00B98E40 /* Info.plist */,
			);
			path = MoviePostersUITests;
			sourceTree = "<group>";
		};
/* End PBXGroup section */

/* Begin PBXNativeTarget section */
		6603402325FCE2FB00B98E40 /* MoviePosters */ = {
			isa = PBXNativeTarget;
			buildConfigurationList = 6603404E25FCE2FE00B98E40 /* Build configuration list for PBXNativeTarget "MoviePosters" */;
			buildPhases = (
				6603402025FCE2FB00B98E40 /* Sources */,
				6603402125FCE2FB00B98E40 /* Frameworks */,
				6603402225FCE2FB00B98E40 /* Resources */,
			);
			buildRules = (
			);
			dependencies = (
			);
			name = MoviePosters;
			productName = MoviePosters;
			productReference = 6603402425FCE2FB00B98E40 /* MoviePosters.app */;
			productType = "com.apple.product-type.application";
		};
		6603403925FCE2FE00B98E40 /* MoviePostersTests */ = {
			isa = PBXNativeTarget;
			buildConfigurationList = 6603405125FCE2FE00B98E40 /* Build configuration list for PBXNativeTarget "MoviePostersTests" */;
			buildPhases = (
				6603403625FCE2FE00B98E40 /* Sources */,
				6603403725FCE2FE00B98E40 /* Frameworks */,
				6603403825FCE2FE00B98E40 /* Resources */,
			);
			buildRules = (
			);
			dependencies = (
				6603403C25FCE2FE00B98E40 /* PBXTargetDependency */,
			);
			name = MoviePostersTests;
			productName = MoviePostersTests;
			productReference = 6603403A25FCE2FE00B98E40 /* MoviePostersTests.xctest */;
			productType = "com.apple.product-type.bundle.unit-test";
		};
		6603404425FCE2FE00B98E40 /* MoviePostersUITests */ = {
			isa = PBXNativeTarget;
			buildConfigurationList = 6603405425FCE2FE00B98E40 /* Build configuration list for PBXNativeTarget "MoviePostersUITests" */;
			buildPhases = (
				6603404125FCE2FE00B98E40 /* Sources */,
				6603404225FCE2FE00B98E40 /* Frameworks */,
				6603404325FCE2FE00B98E40 /* Resources */,
			);
			buildRules = (
			);
			dependencies = (
				6603404725FCE2FE00B98E40 /* PBXTargetDependency */,
			);
			name = MoviePostersUITests;
			productName = MoviePostersUITests;
			productReference = 6603404525FCE2FE00B98E40 /* MoviePostersUITests.xctest */;
			productType = "com.apple.product-type.bundle.ui-testing";
		};
/* End PBXNativeTarget section */

/* Begin PBXProject section */
		6603401C25FCE2FB00B98E40 /* Project object */ = {
			isa = PBXProject;
			attributes = {
				LastSwiftUpdateCheck = 1220;
				LastUpgradeCheck = 1220;
				TargetAttributes = {
					6603402325FCE2FB00B98E40 = {
						CreatedOnToolsVersion = 12.2;
					};
					6603403925FCE2FE00B98E40 = {
						CreatedOnToolsVersion = 12.2;
						TestTargetID = 6603402325FCE2FB00B98E40;
					};
					6603404425FCE2FE00B98E40 = {
						CreatedOnToolsVersion = 12.2;
						TestTargetID = 6603402325FCE2FB00B98E40;
					};
				};
			};
			buildConfigurationList = 6603401F25FCE2FB00B98E40 /* Build configuration list for PBXProject "MoviePosters" */;
			compatibilityVersion = "Xcode 9.3";
			developmentRegion = en;
			hasScannedForEncodings = 0;
			knownRegions = (
				en,
				Base,
			);
			mainGroup = 6603401B25FCE2FB00B98E40;
			productRefGroup = 6603402525FCE2FB00B98E40 /* Products */;
			projectDirPath = "";
			projectRoot = "";
			targets = (
				6603402325FCE2FB00B98E40 /* MoviePosters */,
				6603403925FCE2FE00B98E40 /* MoviePostersTests */,
				6603404425FCE2FE00B98E40 /* MoviePostersUITests */,
			);
		};
/* End PBXProject section */

/* Begin PBXResourcesBuildPhase section */
		6603402225FCE2FB00B98E40 /* Resources */ = {
			isa = PBXResourcesBuildPhase;
			buildActionMask = 2147483647;
			files = (
				6603403425FCE2FD00B98E40 /* LaunchScreen.storyboard in Resources */,
				6603403125FCE2FD00B98E40 /* Assets.xcassets in Resources */,
				6603402F25FCE2FB00B98E40 /* Main.storyboard in Resources */,
			);
			runOnlyForDeploymentPostprocessing = 0;
		};
		6603403825FCE2FE00B98E40 /* Resources */ = {
			isa = PBXResourcesBuildPhase;
			buildActionMask = 2147483647;
			files = (
			);
			runOnlyForDeploymentPostprocessing = 0;
		};
		6603404325FCE2FE00B98E40 /* Resources */ = {
			isa = PBXResourcesBuildPhase;
			buildActionMask = 2147483647;
			files = (
			);
			runOnlyForDeploymentPostprocessing = 0;
		};
/* End PBXResourcesBuildPhase section */

/* Begin PBXSourcesBuildPhase section */
		6603402025FCE2FB00B98E40 /* Sources */ = {
			isa = PBXSourcesBuildPhase;
			buildActionMask = 2147483647;
			files = (
				6603402C25FCE2FB00B98E40 /* ViewController.swift in Sources */,
				6603402825FCE2FB00B98E40 /* AppDelegate.swift in Sources */,
				6603402A25FCE2FB00B98E40 /* SceneDelegate.swift in Sources */,
			);
			runOnlyForDeploymentPostprocessing = 0;
		};
		6603403625FCE2FE00B98E40 /* Sources */ = {
			isa = PBXSourcesBuildPhase;
			buildActionMask = 2147483647;
			files = (
				6603403F25FCE2FE00B98E40 /* MoviePostersTests.swift in Sources */,
			);
			runOnlyForDeploymentPostprocessing = 0;
		};
		6603404125FCE2FE00B98E40 /* Sources */ = {
			isa = PBXSourcesBuildPhase;
			buildActionMask = 2147483647;
			files = (
				6603404A25FCE2FE00B98E40 /* MoviePostersUITests.swift in Sources */,
			);
			runOnlyForDeploymentPostprocessing = 0;
		};
/* End PBXSourcesBuildPhase section */

/* Begin PBXTargetDependency section */
		6603403C25FCE2FE00B98E40 /* PBXTargetDependency */ = {
			isa = PBXTargetDependency;
			target = 6603402325FCE2FB00B98E40 /* MoviePosters */;
			targetProxy = 6603403B25FCE2FE00B98E40 /* PBXContainerItemProxy */;
		};
		6603404725FCE2FE00B98E40 /* PBXTargetDependency */ = {
			isa = PBXTargetDependency;
			target = 6603402325FCE2FB00B98E40 /* MoviePosters */;
			targetProxy = 6603404625FCE2FE00B98E40 /* PBXContainerItemProxy */;
		};
/* End PBXTargetDependency section */

/* Begin PBXVariantGroup section */
		6603402D25FCE2FB00B98E40 /* Main.storyboard */ = {
			isa = PBXVariantGroup;
			children = (
				6603402E25FCE2FB00B98E40 /* Base */,
			);
			name = Main.storyboard;
			sourceTree = "<group>";
		};
		6603403225FCE2FD00B98E40 /* LaunchScreen.storyboard */ = {
			isa = PBXVariantGroup;
			children = (
				6603403325FCE2FD00B98E40 /* Base */,
			);
			name = LaunchScreen.storyboard;
			sourceTree = "<group>";
		};
/* End PBXVariantGroup section */

/* Begin XCBuildConfiguration section */
		6603404C25FCE2FE00B98E40 /* Debug */ = {
			isa = XCBuildConfiguration;
			buildSettings = {
				ALWAYS_SEARCH_USER_PATHS = NO;
				CLANG_ANALYZER_NONNULL = YES;
				CLANG_ANALYZER_NUMBER_OBJECT_CONVERSION = YES_AGGRESSIVE;
				CLANG_CXX_LANGUAGE_STANDARD = "gnu++14";
				CLANG_CXX_LIBRARY = "libc++";
				CLANG_ENABLE_MODULES = YES;
				CLANG_ENABLE_OBJC_ARC = YES;
				CLANG_ENABLE_OBJC_WEAK = YES;
				CLANG_WARN_BLOCK_CAPTURE_AUTORELEASING = YES;
				CLANG_WARN_BOOL_CONVERSION = YES;
				CLANG_WARN_COMMA = YES;
				CLANG_WARN_CONSTANT_CONVERSION = YES;
				CLANG_WARN_DEPRECATED_OBJC_IMPLEMENTATIONS = YES;
				CLANG_WARN_DIRECT_OBJC_ISA_USAGE = YES_ERROR;
				CLANG_WARN_DOCUMENTATION_COMMENTS = YES;
				CLANG_WARN_EMPTY_BODY = YES;
				CLANG_WARN_ENUM_CONVERSION = YES;
				CLANG_WARN_INFINITE_RECURSION = YES;
				CLANG_WARN_INT_CONVERSION = YES;
				CLANG_WARN_NON_LITERAL_NULL_CONVERSION = YES;
				CLANG_WARN_OBJC_IMPLICIT_RETAIN_SELF = YES;
				CLANG_WARN_OBJC_LITERAL_CONVERSION = YES;
				CLANG_WARN_OBJC_ROOT_CLASS = YES_ERROR;
				CLANG_WARN_QUOTED_INCLUDE_IN_FRAMEWORK_HEADER = YES;
				CLANG_WARN_RANGE_LOOP_ANALYSIS = YES;
				CLANG_WARN_STRICT_PROTOTYPES = YES;
				CLANG_WARN_SUSPICIOUS_MOVE = YES;
				CLANG_WARN_UNGUARDED_AVAILABILITY = YES_AGGRESSIVE;
				CLANG_WARN_UNREACHABLE_CODE = YES;
				CLANG_WARN__DUPLICATE_METHOD_MATCH = YES;
				COPY_PHASE_STRIP = NO;
				DEBUG_INFORMATION_FORMAT = dwarf;
				ENABLE_STRICT_OBJC_MSGSEND = YES;
				ENABLE_TESTABILITY = YES;
				GCC_C_LANGUAGE_STANDARD = gnu11;
				GCC_DYNAMIC_NO_PIC = NO;
				GCC_NO_COMMON_BLOCKS = YES;
				GCC_OPTIMIZATION_LEVEL = 0;
				GCC_PREPROCESSOR_DEFINITIONS = (
					"DEBUG=1",
					"$(inherited)",
				);
				GCC_WARN_64_TO_32_BIT_CONVERSION = YES;
				GCC_WARN_ABOUT_RETURN_TYPE = YES_ERROR;
				GCC_WARN_UNDECLARED_SELECTOR = YES;
				GCC_WARN_UNINITIALIZED_AUTOS = YES_AGGRESSIVE;
				GCC_WARN_UNUSED_FUNCTION = YES;
				GCC_WARN_UNUSED_VARIABLE = YES;
				IPHONEOS_DEPLOYMENT_TARGET = 14.2;
				MTL_ENABLE_DEBUG_INFO = INCLUDE_SOURCE;
				MTL_FAST_MATH = YES;
				ONLY_ACTIVE_ARCH = YES;
				SDKROOT = iphoneos;
				SWIFT_ACTIVE_COMPILATION_CONDITIONS = DEBUG;
				SWIFT_OPTIMIZATION_LEVEL = "-Onone";
			};
			name = Debug;
		};
		6603404D25FCE2FE00B98E40 /* Release */ = {
			isa = XCBuildConfiguration;
			buildSettings = {
				ALWAYS_SEARCH_USER_PATHS = NO;
				CLANG_ANALYZER_NONNULL = YES;
				CLANG_ANALYZER_NUMBER_OBJECT_CONVERSION = YES_AGGRESSIVE;
				CLANG_CXX_LANGUAGE_STANDARD = "gnu++14";
				CLANG_CXX_LIBRARY = "libc++";
				CLANG_ENABLE_MODULES = YES;
				CLANG_ENABLE_OBJC_ARC = YES;
				CLANG_ENABLE_OBJC_WEAK = YES;
				CLANG_WARN_BLOCK_CAPTURE_AUTORELEASING = YES;
				CLANG_WARN_BOOL_CONVERSION = YES;
				CLANG_WARN_COMMA = YES;
				CLANG_WARN_CONSTANT_CONVERSION = YES;
				CLANG_WARN_DEPRECATED_OBJC_IMPLEMENTATIONS = YES;
				CLANG_WARN_DIRECT_OBJC_ISA_USAGE = YES_ERROR;
				CLANG_WARN_DOCUMENTATION_COMMENTS = YES;
				CLANG_WARN_EMPTY_BODY = YES;
				CLANG_WARN_ENUM_CONVERSION = YES;
				CLANG_WARN_INFINITE_RECURSION = YES;
				CLANG_WARN_INT_CONVERSION = YES;
				CLANG_WARN_NON_LITERAL_NULL_CONVERSION = YES;
				CLANG_WARN_OBJC_IMPLICIT_RETAIN_SELF = YES;
				CLANG_WARN_OBJC_LITERAL_CONVERSION = YES;
				CLANG_WARN_OBJC_ROOT_CLASS = YES_ERROR;
				CLANG_WARN_QUOTED_INCLUDE_IN_FRAMEWORK_HEADER = YES;
				CLANG_WARN_RANGE_LOOP_ANALYSIS = YES;
				CLANG_WARN_STRICT_PROTOTYPES = YES;
				CLANG_WARN_SUSPICIOUS_MOVE = YES;
				CLANG_WARN_UNGUARDED_AVAILABILITY = YES_AGGRESSIVE;
				CLANG_WARN_UNREACHABLE_CODE = YES;
				CLANG_WARN__DUPLICATE_METHOD_MATCH = YES;
				COPY_PHASE_STRIP = NO;
				DEBUG_INFORMATION_FORMAT = "dwarf-with-dsym";
				ENABLE_NS_ASSERTIONS = NO;
				ENABLE_STRICT_OBJC_MSGSEND = YES;
				GCC_C_LANGUAGE_STANDARD = gnu11;
				GCC_NO_COMMON_BLOCKS = YES;
				GCC_WARN_64_TO_32_BIT_CONVERSION = YES;
				GCC_WARN_ABOUT_RETURN_TYPE = YES_ERROR;
				GCC_WARN_UNDECLARED_SELECTOR = YES;
				GCC_WARN_UNINITIALIZED_AUTOS = YES_AGGRESSIVE;
				GCC_WARN_UNUSED_FUNCTION = YES;
				GCC_WARN_UNUSED_VARIABLE = YES;
				IPHONEOS_DEPLOYMENT_TARGET = 14.2;
				MTL_ENABLE_DEBUG_INFO = NO;
				MTL_FAST_MATH = YES;
				SDKROOT = iphoneos;
				SWIFT_COMPILATION_MODE = wholemodule;
				SWIFT_OPTIMIZATION_LEVEL = "-O";
				VALIDATE_PRODUCT = YES;
			};
			name = Release;
		};
		6603404F25FCE2FE00B98E40 /* Debug */ = {
			isa = XCBuildConfiguration;
			buildSettings = {
				ASSETCATALOG_COMPILER_APPICON_NAME = AppIcon;
				ASSETCATALOG_COMPILER_GLOBAL_ACCENT_COLOR_NAME = AccentColor;
				CODE_SIGN_STYLE = Automatic;
				INFOPLIST_FILE = MoviePosters/Info.plist;
				LD_RUNPATH_SEARCH_PATHS = (
					"$(inherited)",
					"@executable_path/Frameworks",
				);
				PRODUCT_BUNDLE_IDENTIFIER = Vishal.MoviePosters;
				PRODUCT_NAME = "$(TARGET_NAME)";
				SWIFT_VERSION = 5.0;
				TARGETED_DEVICE_FAMILY = "1,2";
			};
			name = Debug;
		};
		6603405025FCE2FE00B98E40 /* Release */ = {
			isa = XCBuildConfiguration;
			buildSettings = {
				ASSETCATALOG_COMPILER_APPICON_NAME = AppIcon;
				ASSETCATALOG_COMPILER_GLOBAL_ACCENT_COLOR_NAME = AccentColor;
				CODE_SIGN_STYLE = Automatic;
				INFOPLIST_FILE = MoviePosters/Info.plist;
				LD_RUNPATH_SEARCH_PATHS = (
					"$(inherited)",
					"@executable_path/Frameworks",
				);
				PRODUCT_BUNDLE_IDENTIFIER = Vishal.MoviePosters;
				PRODUCT_NAME = "$(TARGET_NAME)";
				SWIFT_VERSION = 5.0;
				TARGETED_DEVICE_FAMILY = "1,2";
			};
			name = Release;
		};
		6603405225FCE2FE00B98E40 /* Debug */ = {
			isa = XCBuildConfiguration;
			buildSettings = {
				ALWAYS_EMBED_SWIFT_STANDARD_LIBRARIES = YES;
				BUNDLE_LOADER = "$(TEST_HOST)";
				CODE_SIGN_STYLE = Automatic;
				INFOPLIST_FILE = MoviePostersTests/Info.plist;
				IPHONEOS_DEPLOYMENT_TARGET = 14.2;
				LD_RUNPATH_SEARCH_PATHS = (
					"$(inherited)",
					"@executable_path/Frameworks",
					"@loader_path/Frameworks",
				);
				PRODUCT_BUNDLE_IDENTIFIER = Vishal.MoviePostersTests;
				PRODUCT_NAME = "$(TARGET_NAME)";
				SWIFT_VERSION = 5.0;
				TARGETED_DEVICE_FAMILY = "1,2";
				TEST_HOST = "$(BUILT_PRODUCTS_DIR)/MoviePosters.app/MoviePosters";
			};
			name = Debug;
		};
		6603405325FCE2FE00B98E40 /* Release */ = {
			isa = XCBuildConfiguration;
			buildSettings = {
				ALWAYS_EMBED_SWIFT_STANDARD_LIBRARIES = YES;
				BUNDLE_LOADER = "$(TEST_HOST)";
				CODE_SIGN_STYLE = Automatic;
				INFOPLIST_FILE = MoviePostersTests/Info.plist;
				IPHONEOS_DEPLOYMENT_TARGET = 14.2;
				LD_RUNPATH_SEARCH_PATHS = (
					"$(inherited)",
					"@executable_path/Frameworks",
					"@loader_path/Frameworks",
				);
				PRODUCT_BUNDLE_IDENTIFIER = Vishal.MoviePostersTests;
				PRODUCT_NAME = "$(TARGET_NAME)";
				SWIFT_VERSION = 5.0;
				TARGETED_DEVICE_FAMILY = "1,2";
				TEST_HOST = "$(BUILT_PRODUCTS_DIR)/MoviePosters.app/MoviePosters";
			};
			name = Release;
		};
		6603405525FCE2FE00B98E40 /* Debug */ = {
			isa = XCBuildConfiguration;
			buildSettings = {
				ALWAYS_EMBED_SWIFT_STANDARD_LIBRARIES = YES;
				CODE_SIGN_STYLE = Automatic;
				INFOPLIST_FILE = MoviePostersUITests/Info.plist;
				LD_RUNPATH_SEARCH_PATHS = (
					"$(inherited)",
					"@executable_path/Frameworks",
					"@loader_path/Frameworks",
				);
				PRODUCT_BUNDLE_IDENTIFIER = Vishal.MoviePostersUITests;
				PRODUCT_NAME = "$(TARGET_NAME)";
				SWIFT_VERSION = 5.0;
				TARGETED_DEVICE_FAMILY = "1,2";
				TEST_TARGET_NAME = MoviePosters;
			};
			name = Debug;
		};
		6603405625FCE2FE00B98E40 /* Release */ = {
			isa = XCBuildConfiguration;
			buildSettings = {
				ALWAYS_EMBED_SWIFT_STANDARD_LIBRARIES = YES;
				CODE_SIGN_STYLE = Automatic;
				INFOPLIST_FILE = MoviePostersUITests/Info.plist;
				LD_RUNPATH_SEARCH_PATHS = (
					"$(inherited)",
					"@executable_path/Frameworks",
					"@loader_path/Frameworks",
				);
				PRODUCT_BUNDLE_IDENTIFIER = Vishal.MoviePostersUITests;
				PRODUCT_NAME = "$(TARGET_NAME)";
				SWIFT_VERSION = 5.0;
				TARGETED_DEVICE_FAMILY = "1,2";
				TEST_TARGET_NAME = MoviePosters;
			};
			name = Release;
		};
/* End XCBuildConfiguration section */

/* Begin XCConfigurationList section */
		6603401F25FCE2FB00B98E40 /* Build configuration list for PBXProject "MoviePosters" */ = {
			isa = XCConfigurationList;
			buildConfigurations = (
				6603404C25FCE2FE00B98E40 /* Debug */,
				6603404D25FCE2FE00B98E40 /* Release */,
			);
			defaultConfigurationIsVisible = 0;
			defaultConfigurationName = Release;
		};
		6603404E25FCE2FE00B98E40 /* Build configuration list for PBXNativeTarget "MoviePosters" */ = {
			isa = XCConfigurationList;
			buildConfigurations = (
				6603404F25FCE2FE00B98E40 /* Debug */,
				6603405025FCE2FE00B98E40 /* Release */,
			);
			defaultConfigurationIsVisible = 0;
			defaultConfigurationName = Release;
		};
		6603405125FCE2FE00B98E40 /* Build configuration list for PBXNativeTarget "MoviePostersTests" */ = {
			isa = XCConfigurationList;
			buildConfigurations = (
				6603405225FCE2FE00B98E40 /* Debug */,
				6603405325FCE2FE00B98E40 /* Release */,
			);
			defaultConfigurationIsVisible = 0;
			defaultConfigurationName = Release;
		};
		6603405425FCE2FE00B98E40 /* Build configuration list for PBXNativeTarget "MoviePostersUITests" */ = {
			isa = XCConfigurationList;
			buildConfigurations = (
				6603405525FCE2FE00B98E40 /* Debug */,
				6603405625FCE2FE00B98E40 /* Release */,
			);
			defaultConfigurationIsVisible = 0;
			defaultConfigurationName = Release;
		};
/* End XCConfigurationList section */
	};
	rootObject = 6603401C25FCE2FB00B98E40 /* Project object */;
}
